
Microsoft Visual Studio Solution File, Format Version 12.00
# Visual Studio Version 17
VisualStudioVersion = 17.4.33213.308
MinimumVisualStudioVersion = 10.0.40219.1
Project("{FAE04EC0-301F-11D3-BF4B-00C04F79EFBC}") = "HW1", "HW1\HW1.csproj", "{EB3F4FEA-B501-414D-B3DA-FFC8D2F819DD}"
EndProject
Global
	GlobalSection(SolutionConfigurationPlatforms) = preSolution
		Debug|Any CPU = Debug|Any CPU
		Release|Any CPU = Release|Any CPU
	EndGlobalSection
	GlobalSection(ProjectConfigurationPlatforms) = postSolution
		{EB3F4FEA-B501-414D-B3DA-FFC8D2F819DD}.Debug|Any CPU.ActiveCfg = Debug|Any CPU
		{EB3F4FEA-B501-414D-B3DA-FFC8D2F819DD}.Debug|Any CPU.Build.0 = Debug|Any CPU
		{EB3F4FEA-B501-414D-B3DA-FFC8D2F819DD}.Release|Any CPU.ActiveCfg = Release|Any CPU
		{EB3F4FEA-B501-414D-B3DA-FFC8D2F819DD}.Release|Any CPU.Build.0 = Release|Any CPU
	EndGlobalSection
	GlobalSection(SolutionProperties) = preSolution
		HideSolutionNode = FALSE
	EndGlobalSection
	GlobalSection(ExtensibilityGlobals) = postSolution
		SolutionGuid = {DBDC00D3-BA9C-420F-B339-FD61133016BA}
	EndGlobalSection
EndGlobal
